
Microsoft Visual Studio Solution File, Format Version 12.00
# Visual Studio 14
VisualStudioVersion = 14.0.25420.1
MinimumVisualStudioVersion = 10.0.40219.1
Project("{FAE04EC0-301F-11D3-BF4B-00C04F79EFBC}") = "Albite.Core", "Albite.Core\Albite.Core\Albite.Core.csproj", "{9809143A-01AE-4D29-810E-EB39843DF112}"
EndProject
Project("{FAE04EC0-301F-11D3-BF4B-00C04F79EFBC}") = "Albite.Core.Test.Windows", "Albite.Core\Albite.Core.Test.Windows\Albite.Core.Test.Windows.csproj", "{4786E273-75EE-4139-8AC8-92BB5E57DA9F}"
EndProject
Project("{FAE04EC0-301F-11D3-BF4B-00C04F79EFBC}") = "Albite.Core.Test", "Albite.Core\Albite.Core.Test\Albite.Core.Test.csproj", "{09D55295-D235-46E1-A3A3-1823664B6274}"
EndProject
Project("{FAE04EC0-301F-11D3-BF4B-00C04F79EFBC}") = "Albite.Core.Test.WindowsPhone", "Albite.Core\Albite.Core.Test.WindowsPhone\Albite.Core.Test.WindowsPhone.csproj", "{FD3EC798-4272-430E-B5A9-9D8224F8E0C3}"
EndProject
Project("{FAE04EC0-301F-11D3-BF4B-00C04F79EFBC}") = "Albite.Core.Windows", "Albite.Core\Albite.Core.Windows\Albite.Core.Windows.csproj", "{2574AAE6-6997-48F1-B960-F078B555ADD0}"
EndProject
Project("{FAE04EC0-301F-11D3-BF4B-00C04F79EFBC}") = "Albite.Core.WindowsPhone", "Albite.Core\Albite.Core.WindowsPhone\Albite.Core.WindowsPhone.csproj", "{54009832-00AC-471C-A3A9-03381333EEFB}"
EndProject
Global
	GlobalSection(SolutionConfigurationPlatforms) = preSolution
		Debug|Any CPU = Debug|Any CPU
		Debug|ARM = Debug|ARM
		Debug|x64 = Debug|x64
		Debug|x86 = Debug|x86
		Release|Any CPU = Release|Any CPU
		Release|ARM = Release|ARM
		Release|x64 = Release|x64
		Release|x86 = Release|x86
	EndGlobalSection
	GlobalSection(ProjectConfigurationPlatforms) = postSolution
		{9809143A-01AE-4D29-810E-EB39843DF112}.Debug|Any CPU.ActiveCfg = Debug|Any CPU
		{9809143A-01AE-4D29-810E-EB39843DF112}.Debug|Any CPU.Build.0 = Debug|Any CPU
		{9809143A-01AE-4D29-810E-EB39843DF112}.Debug|ARM.ActiveCfg = Debug|Any CPU
		{9809143A-01AE-4D29-810E-EB39843DF112}.Debug|ARM.Build.0 = Debug|Any CPU
		{9809143A-01AE-4D29-810E-EB39843DF112}.Debug|x64.ActiveCfg = Debug|Any CPU
		{9809143A-01AE-4D29-810E-EB39843DF112}.Debug|x64.Build.0 = Debug|Any CPU
		{9809143A-01AE-4D29-810E-EB39843DF112}.Debug|x86.ActiveCfg = Debug|Any CPU
		{9809143A-01AE-4D29-810E-EB39843DF112}.Debug|x86.Build.0 = Debug|Any CPU
		{9809143A-01AE-4D29-810E-EB39843DF112}.Release|Any CPU.ActiveCfg = Release|Any CPU
		{9809143A-01AE-4D29-810E-EB39843DF112}.Release|Any CPU.Build.0 = Release|Any CPU
		{9809143A-01AE-4D29-810E-EB39843DF112}.Release|ARM.ActiveCfg = Release|Any CPU
		{9809143A-01AE-4D29-810E-EB39843DF112}.Release|ARM.Build.0 = Release|Any CPU
		{9809143A-01AE-4D29-810E-EB39843DF112}.Release|x64.ActiveCfg = Release|Any CPU
		{9809143A-01AE-4D29-810E-EB39843DF112}.Release|x64.Build.0 = Release|Any CPU
		{9809143A-01AE-4D29-810E-EB39843DF112}.Release|x86.ActiveCfg = Release|Any CPU
		{9809143A-01AE-4D29-810E-EB39843DF112}.Release|x86.Build.0 = Release|Any CPU
		{4786E273-75EE-4139-8AC8-92BB5E57DA9F}.Debug|Any CPU.ActiveCfg = Debug|Any CPU
		{4786E273-75EE-4139-8AC8-92BB5E57DA9F}.Debug|Any CPU.Build.0 = Debug|Any CPU
		{4786E273-75EE-4139-8AC8-92BB5E57DA9F}.Debug|Any CPU.Deploy.0 = Debug|Any CPU
		{4786E273-75EE-4139-8AC8-92BB5E57DA9F}.Debug|ARM.ActiveCfg = Debug|ARM
		{4786E273-75EE-4139-8AC8-92BB5E57DA9F}.Debug|ARM.Build.0 = Debug|ARM
		{4786E273-75EE-4139-8AC8-92BB5E57DA9F}.Debug|ARM.Deploy.0 = Debug|ARM
		{4786E273-75EE-4139-8AC8-92BB5E57DA9F}.Debug|x64.ActiveCfg = Debug|x64
		{4786E273-75EE-4139-8AC8-92BB5E57DA9F}.Debug|x64.Build.0 = Debug|x64
		{4786E273-75EE-4139-8AC8-92BB5E57DA9F}.Debug|x64.Deploy.0 = Debug|x64
		{4786E273-75EE-4139-8AC8-92BB5E57DA9F}.Debug|x86.ActiveCfg = Debug|x86
		{4786E273-75EE-4139-8AC8-92BB5E57DA9F}.Debug|x86.Build.0 = Debug|x86
		{4786E273-75EE-4139-8AC8-92BB5E57DA9F}.Debug|x86.Deploy.0 = Debug|x86
		{4786E273-75EE-4139-8AC8-92BB5E57DA9F}.Release|Any CPU.ActiveCfg = Release|Any CPU
		{4786E273-75EE-4139-8AC8-92BB5E57DA9F}.Release|Any CPU.Build.0 = Release|Any CPU
		{4786E273-75EE-4139-8AC8-92BB5E57DA9F}.Release|Any CPU.Deploy.0 = Release|Any CPU
		{4786E273-75EE-4139-8AC8-92BB5E57DA9F}.Release|ARM.ActiveCfg = Release|ARM
		{4786E273-75EE-4139-8AC8-92BB5E57DA9F}.Release|ARM.Build.0 = Release|ARM
		{4786E273-75EE-4139-8AC8-92BB5E57DA9F}.Release|ARM.Deploy.0 = Release|ARM
		{4786E273-75EE-4139-8AC8-92BB5E57DA9F}.Release|x64.ActiveCfg = Release|x64
		{4786E273-75EE-4139-8AC8-92BB5E57DA9F}.Release|x64.Build.0 = Release|x64
		{4786E273-75EE-4139-8AC8-92BB5E57DA9F}.Release|x64.Deploy.0 = Release|x64
		{4786E273-75EE-4139-8AC8-92BB5E57DA9F}.Release|x86.ActiveCfg = Release|x86
		{4786E273-75EE-4139-8AC8-92BB5E57DA9F}.Release|x86.Build.0 = Release|x86
		{4786E273-75EE-4139-8AC8-92BB5E57DA9F}.Release|x86.Deploy.0 = Release|x86
		{09D55295-D235-46E1-A3A3-1823664B6274}.Debug|Any CPU.ActiveCfg = Debug|Any CPU
		{09D55295-D235-46E1-A3A3-1823664B6274}.Debug|Any CPU.Build.0 = Debug|Any CPU
		{09D55295-D235-46E1-A3A3-1823664B6274}.Debug|ARM.ActiveCfg = Debug|Any CPU
		{09D55295-D235-46E1-A3A3-1823664B6274}.Debug|ARM.Build.0 = Debug|Any CPU
		{09D55295-D235-46E1-A3A3-1823664B6274}.Debug|x64.ActiveCfg = Debug|Any CPU
		{09D55295-D235-46E1-A3A3-1823664B6274}.Debug|x64.Build.0 = Debug|Any CPU
		{09D55295-D235-46E1-A3A3-1823664B6274}.Debug|x86.ActiveCfg = Debug|Any CPU
		{09D55295-D235-46E1-A3A3-1823664B6274}.Debug|x86.Build.0 = Debug|Any CPU
		{09D55295-D235-46E1-A3A3-1823664B6274}.Release|Any CPU.ActiveCfg = Release|Any CPU
		{09D55295-D235-46E1-A3A3-1823664B6274}.Release|Any CPU.Build.0 = Release|Any CPU
		{09D55295-D235-46E1-A3A3-1823664B6274}.Release|ARM.ActiveCfg = Release|Any CPU
		{09D55295-D235-46E1-A3A3-1823664B6274}.Release|ARM.Build.0 = Release|Any CPU
		{09D55295-D235-46E1-A3A3-1823664B6274}.Release|x64.ActiveCfg = Release|Any CPU
		{09D55295-D235-46E1-A3A3-1823664B6274}.Release|x64.Build.0 = Release|Any CPU
		{09D55295-D235-46E1-A3A3-1823664B6274}.Release|x86.ActiveCfg = Release|Any CPU
		{09D55295-D235-46E1-A3A3-1823664B6274}.Release|x86.Build.0 = Release|Any CPU
		{FD3EC798-4272-430E-B5A9-9D8224F8E0C3}.Debug|Any CPU.ActiveCfg = Debug|ARM
		{FD3EC798-4272-430E-B5A9-9D8224F8E0C3}.Debug|ARM.ActiveCfg = Debug|ARM
		{FD3EC798-4272-430E-B5A9-9D8224F8E0C3}.Debug|ARM.Build.0 = Debug|ARM
		{FD3EC798-4272-430E-B5A9-9D8224F8E0C3}.Debug|ARM.Deploy.0 = Debug|ARM
		{FD3EC798-4272-430E-B5A9-9D8224F8E0C3}.Debug|x64.ActiveCfg = Debug|ARM
		{FD3EC798-4272-430E-B5A9-9D8224F8E0C3}.Debug|x86.ActiveCfg = Debug|ARM
		{FD3EC798-4272-430E-B5A9-9D8224F8E0C3}.Release|Any CPU.ActiveCfg = Release|ARM
		{FD3EC798-4272-430E-B5A9-9D8224F8E0C3}.Release|ARM.ActiveCfg = Release|ARM
		{FD3EC798-4272-430E-B5A9-9D8224F8E0C3}.Release|ARM.Build.0 = Release|ARM
		{FD3EC798-4272-430E-B5A9-9D8224F8E0C3}.Release|ARM.Deploy.0 = Release|ARM
		{FD3EC798-4272-430E-B5A9-9D8224F8E0C3}.Release|x64.ActiveCfg = Release|ARM
		{FD3EC798-4272-430E-B5A9-9D8224F8E0C3}.Release|x86.ActiveCfg = Release|ARM
		{2574AAE6-6997-48F1-B960-F078B555ADD0}.Debug|Any CPU.ActiveCfg = Debug|Any CPU
		{2574AAE6-6997-48F1-B960-F078B555ADD0}.Debug|Any CPU.Build.0 = Debug|Any CPU
		{2574AAE6-6997-48F1-B960-F078B555ADD0}.Debug|ARM.ActiveCfg = Debug|Any CPU
		{2574AAE6-6997-48F1-B960-F078B555ADD0}.Debug|ARM.Build.0 = Debug|Any CPU
		{2574AAE6-6997-48F1-B960-F078B555ADD0}.Debug|x64.ActiveCfg = Debug|Any CPU
		{2574AAE6-6997-48F1-B960-F078B555ADD0}.Debug|x64.Build.0 = Debug|Any CPU
		{2574AAE6-6997-48F1-B960-F078B555ADD0}.Debug|x86.ActiveCfg = Debug|Any CPU
		{2574AAE6-6997-48F1-B960-F078B555ADD0}.Debug|x86.Build.0 = Debug|Any CPU
		{2574AAE6-6997-48F1-B960-F078B555ADD0}.Release|Any CPU.ActiveCfg = Release|Any CPU
		{2574AAE6-6997-48F1-B960-F078B555ADD0}.Release|Any CPU.Build.0 = Release|Any CPU
		{2574AAE6-6997-48F1-B960-F078B555ADD0}.Release|ARM.ActiveCfg = Release|Any CPU
		{2574AAE6-6997-48F1-B960-F078B555ADD0}.Release|ARM.Build.0 = Release|Any CPU
		{2574AAE6-6997-48F1-B960-F078B555ADD0}.Release|x64.ActiveCfg = Release|Any CPU
		{2574AAE6-6997-48F1-B960-F078B555ADD0}.Release|x64.Build.0 = Release|Any CPU
		{2574AAE6-6997-48F1-B960-F078B555ADD0}.Release|x86.ActiveCfg = Release|Any CPU
		{2574AAE6-6997-48F1-B960-F078B555ADD0}.Release|x86.Build.0 = Release|Any CPU
		{54009832-00AC-471C-A3A9-03381333EEFB}.Debug|Any CPU.ActiveCfg = Debug|Any CPU
		{54009832-00AC-471C-A3A9-03381333EEFB}.Debug|Any CPU.Build.0 = Debug|Any CPU
		{54009832-00AC-471C-A3A9-03381333EEFB}.Debug|ARM.ActiveCfg = Debug|Any CPU
		{54009832-00AC-471C-A3A9-03381333EEFB}.Debug|ARM.Build.0 = Debug|Any CPU
		{54009832-00AC-471C-A3A9-03381333EEFB}.Debug|x64.ActiveCfg = Debug|Any CPU
		{54009832-00AC-471C-A3A9-03381333EEFB}.Debug|x64.Build.0 = Debug|Any CPU
		{54009832-00AC-471C-A3A9-03381333EEFB}.Debug|x86.ActiveCfg = Debug|Any CPU
		{54009832-00AC-471C-A3A9-03381333EEFB}.Debug|x86.Build.0 = Debug|Any CPU
		{54009832-00AC-471C-A3A9-03381333EEFB}.Release|Any CPU.ActiveCfg = Release|Any CPU
		{54009832-00AC-471C-A3A9-03381333EEFB}.Release|Any CPU.Build.0 = Release|Any CPU
		{54009832-00AC-471C-A3A9-03381333EEFB}.Release|ARM.ActiveCfg = Release|Any CPU
		{54009832-00AC-471C-A3A9-03381333EEFB}.Release|ARM.Build.0 = Release|Any CPU
		{54009832-00AC-471C-A3A9-03381333EEFB}.Release|x64.ActiveCfg = Release|Any CPU
		{54009832-00AC-471C-A3A9-03381333EEFB}.Release|x64.Build.0 = Release|Any CPU
		{54009832-00AC-471C-A3A9-03381333EEFB}.Release|x86.ActiveCfg = Release|Any CPU
		{54009832-00AC-471C-A3A9-03381333EEFB}.Release|x86.Build.0 = Release|Any CPU
	EndGlobalSection
	GlobalSection(SolutionProperties) = preSolution
		HideSolutionNode = FALSE
	EndGlobalSection
EndGlobal
